
Microsoft Visual Studio Solution File, Format Version 12.00
# Visual Studio Version 17
VisualStudioVersion = 17.8.34525.116
MinimumVisualStudioVersion = 10.0.40219.1
Project("{8BC9CEB8-8B4A-11D0-8D11-00A0C91BC942}") = "FunctionWithVariableNumberOfParametrs", "FunctionWithVariableNumberOfParametrs.vcxproj", "{ED3F6541-2A62-499E-A317-06CD2B569649}"
EndProject
Global
	GlobalSection(SolutionConfigurationPlatforms) = preSolution
		Debug|x64 = Debug|x64
		Debug|x86 = Debug|x86
		Release|x64 = Release|x64
		Release|x86 = Release|x86
	EndGlobalSection
	GlobalSection(ProjectConfigurationPlatforms) = postSolution
		{ED3F6541-2A62-499E-A317-06CD2B569649}.Debug|x64.ActiveCfg = Debug|x64
		{ED3F6541-2A62-499E-A317-06CD2B569649}.Debug|x64.Build.0 = Debug|x64
		{ED3F6541-2A62-499E-A317-06CD2B569649}.Debug|x86.ActiveCfg = Debug|Win32
		{ED3F6541-2A62-499E-A317-06CD2B569649}.Debug|x86.Build.0 = Debug|Win32
		{ED3F6541-2A62-499E-A317-06CD2B569649}.Release|x64.ActiveCfg = Release|x64
		{ED3F6541-2A62-499E-A317-06CD2B569649}.Release|x64.Build.0 = Release|x64
		{ED3F6541-2A62-499E-A317-06CD2B569649}.Release|x86.ActiveCfg = Release|Win32
		{ED3F6541-2A62-499E-A317-06CD2B569649}.Release|x86.Build.0 = Release|Win32
	EndGlobalSection
	GlobalSection(SolutionProperties) = preSolution
		HideSolutionNode = FALSE
	EndGlobalSection
	GlobalSection(ExtensibilityGlobals) = postSolution
		SolutionGuid = {3AF93678-DB25-47DF-9CFD-820B937D2A9E}
	EndGlobalSection
EndGlobal
